
Microsoft Visual Studio Solution File, Format Version 12.00
# Visual Studio Version 17
VisualStudioVersion = 17.3.32825.248
MinimumVisualStudioVersion = 10.0.40219.1
Project("{FAE04EC0-301F-11D3-BF4B-00C04F79EFBC}") = "BankOfBIT_TL", "BankOfBIT_TL\BankOfBIT_TL.csproj", "{C5162C9E-F38B-407A-ACCB-BE94705D57A4}"
EndProject
Project("{FAE04EC0-301F-11D3-BF4B-00C04F79EFBC}") = "Utility", "BankOfBIT_TL\Utility.csproj", "{BD0CC9BC-F54B-4054-BFFB-E11A08A387D6}"
EndProject
Global
	GlobalSection(SolutionConfigurationPlatforms) = preSolution
		Debug|Any CPU = Debug|Any CPU
		Release|Any CPU = Release|Any CPU
	EndGlobalSection
	GlobalSection(ProjectConfigurationPlatforms) = postSolution
		{C5162C9E-F38B-407A-ACCB-BE94705D57A4}.Debug|Any CPU.ActiveCfg = Debug|Any CPU
		{C5162C9E-F38B-407A-ACCB-BE94705D57A4}.Debug|Any CPU.Build.0 = Debug|Any CPU
		{C5162C9E-F38B-407A-ACCB-BE94705D57A4}.Release|Any CPU.ActiveCfg = Release|Any CPU
		{C5162C9E-F38B-407A-ACCB-BE94705D57A4}.Release|Any CPU.Build.0 = Release|Any CPU
		{BD0CC9BC-F54B-4054-BFFB-E11A08A387D6}.Debug|Any CPU.ActiveCfg = Debug|Any CPU
		{BD0CC9BC-F54B-4054-BFFB-E11A08A387D6}.Debug|Any CPU.Build.0 = Debug|Any CPU
		{BD0CC9BC-F54B-4054-BFFB-E11A08A387D6}.Release|Any CPU.ActiveCfg = Release|Any CPU
		{BD0CC9BC-F54B-4054-BFFB-E11A08A387D6}.Release|Any CPU.Build.0 = Release|Any CPU
	EndGlobalSection
	GlobalSection(SolutionProperties) = preSolution
		HideSolutionNode = FALSE
	EndGlobalSection
	GlobalSection(ExtensibilityGlobals) = postSolution
		SolutionGuid = {A6A5B214-41A7-40A4-BCEA-199E7C54A41D}
	EndGlobalSection
EndGlobal
